<?xml version="1.0" encoding="utf-8"?>
<Project ToolsVersion="4.0" xmlns="http://schemas.microsoft.com/developer/msbuild/2003">
  <ItemGroup>
    <Filter Include="ソース ファイル">
      <UniqueIdentifier>{4FC737F1-C7A5-4376-A066-2A32D752A2FF}</UniqueIdentifier>
      <Extensions>cpp;c;cc;cxx;def;odl;idl;hpj;bat;asm;asmx</Extensions>
    </Filter>
    <Filter Include="ヘッダー ファイル">
      <UniqueIdentifier>{93995380-89BD-4b04-88EB-625FBE52EBFB}</UniqueIdentifier>
      <Extensions>h;hh;hpp;hxx;hm;inl;inc;xsd</Extensions>
    </Filter>
    <Filter Include="リソース ファイル">
      <UniqueIdentifier>{67DA6AB6-F800-4c08-8B7A-83BB121AAD01}</UniqueIdentifier>
      <Extensions>rc;ico;cur;bmp;dlg;rc2;rct;bin;rgs;gif;jpg;jpeg;jpe;resx;tiff;tif;png;wav;mfcribbon-ms</Extensions>
    </Filter>
    <Filter Include="ソース ファイル\_R.N.Lib">
      <UniqueIdentifier>{0e9a82a4-ac98-4982-8152-7a8d0f7c773c}</UniqueIdentifier>
    </Filter>
    <Filter Include="ヘッダー ファイル\_R.N.Lib">
      <UniqueIdentifier>{cdae122f-110a-4685-8044-24e4970098e4}</UniqueIdentifier>
    </Filter>
    <Filter Include="ソース ファイル\_R.N.Lib\Basis">
      <UniqueIdentifier>{5d7d9930-9933-41f8-8a3d-c0811d50b4cd}</UniqueIdentifier>
    </Filter>
    <Filter Include="ヘッダー ファイル\_R.N.Lib\Basis">
      <UniqueIdentifier>{bfd7f536-c627-4326-8404-2e1fed314af1}</UniqueIdentifier>
    </Filter>
    <Filter Include="ソース ファイル\Character">
      <UniqueIdentifier>{92afae21-bc38-499f-ab54-3f81e189fb6d}</UniqueIdentifier>
    </Filter>
    <Filter Include="ソース ファイル\BackGround">
      <UniqueIdentifier>{4c5cfa97-a78b-4938-9668-b98b519e5735}</UniqueIdentifier>
    </Filter>
    <Filter Include="ソース ファイル\UserInterface">
      <UniqueIdentifier>{04be000c-3c71-4503-8c3e-d0f10cc006dd}</UniqueIdentifier>
    </Filter>
    <Filter Include="ソース ファイル\Mode">
      <UniqueIdentifier>{3f769606-29fb-4789-8b86-3a423072c5d3}</UniqueIdentifier>
    </Filter>
    <Filter Include="ソース ファイル\Object">
      <UniqueIdentifier>{7717a16c-72b5-4bb5-8155-28ce1a486209}</UniqueIdentifier>
    </Filter>
    <Filter Include="ソース ファイル\Other">
      <UniqueIdentifier>{7272fe72-4f26-4835-9401-8f0a5cc982d7}</UniqueIdentifier>
    </Filter>
    <Filter Include="ヘッダー ファイル\Character">
      <UniqueIdentifier>{43874fbd-1d2a-4370-96f9-e86fba84ec0d}</UniqueIdentifier>
    </Filter>
    <Filter Include="ヘッダー ファイル\BackGround">
      <UniqueIdentifier>{22fbded2-1287-428a-8655-ce43fd5f7771}</UniqueIdentifier>
    </Filter>
    <Filter Include="ヘッダー ファイル\Mode">
      <UniqueIdentifier>{f3e436b9-96b9-459d-acff-a2c68e1a4899}</UniqueIdentifier>
    </Filter>
    <Filter Include="ヘッダー ファイル\Other">
      <UniqueIdentifier>{3c4e51c5-cfa7-4124-9327-94a7df3ed454}</UniqueIdentifier>
    </Filter>
    <Filter Include="ヘッダー ファイル\Object">
      <UniqueIdentifier>{81c042c9-c27d-4620-826b-0352f2740d1f}</UniqueIdentifier>
    </Filter>
    <Filter Include="ヘッダー ファイル\UserInterface">
      <UniqueIdentifier>{79dee92a-cf5f-42c8-bdcc-686c42e0090c}</UniqueIdentifier>
    </Filter>
    <Filter Include="ソース ファイル\Effect">
      <UniqueIdentifier>{6c2b5c66-237b-44e3-abe0-0de2f438f5f6}</UniqueIdentifier>
    </Filter>
    <Filter Include="ヘッダー ファイル\Effect">
      <UniqueIdentifier>{8af8cf6b-b3a1-4825-9878-9a30184a3725}</UniqueIdentifier>
    </Filter>
    <Filter Include="ソース ファイル\Item">
      <UniqueIdentifier>{8ef0c142-dc6f-43b4-adb2-95e0c90cd2c6}</UniqueIdentifier>
    </Filter>
    <Filter Include="ヘッダー ファイル\Item">
      <UniqueIdentifier>{8960ffa8-c8a8-4e3f-b3d0-c61af2427a77}</UniqueIdentifier>
    </Filter>
    <Filter Include="ヘッダー ファイル\_R.N.Lib\Writable">
      <UniqueIdentifier>{b9844ccd-98d8-45b8-84b7-49d0d17bc627}</UniqueIdentifier>
    </Filter>
    <Filter Include="ソース ファイル\_R.N.Lib\Writable">
      <UniqueIdentifier>{b07a901b-462f-4edb-8494-84aaec2f5dc9}</UniqueIdentifier>
    </Filter>
  </ItemGroup>
  <ItemGroup>
    <ClCompile Include="code\ModelViewer\main.cpp">
      <Filter>ソース ファイル</Filter>
    </ClCompile>
    <ClCompile Include="code\R.N.Lib\RNmain.cpp">
      <Filter>ソース ファイル\_R.N.Lib</Filter>
    </ClCompile>
    <ClCompile Include="code\R.N.Lib\camera2D.cpp">
      <Filter>ソース ファイル\_R.N.Lib\Basis</Filter>
    </ClCompile>
    <ClCompile Include="code\R.N.Lib\camera3D.cpp">
      <Filter>ソース ファイル\_R.N.Lib\Basis</Filter>
    </ClCompile>
    <ClCompile Include="code\R.N.Lib\chunk.cpp">
      <Filter>ソース ファイル\_R.N.Lib\Basis</Filter>
    </ClCompile>
    <ClCompile Include="code\R.N.Lib\color.cpp">
      <Filter>ソース ファイル\_R.N.Lib\Basis</Filter>
    </ClCompile>
    <ClCompile Include="code\R.N.Lib\fade.cpp">
      <Filter>ソース ファイル\_R.N.Lib\Basis</Filter>
    </ClCompile>
    <ClCompile Include="code\R.N.Lib\file.cpp">
      <Filter>ソース ファイル\_R.N.Lib\Basis</Filter>
    </ClCompile>
    <ClCompile Include="code\R.N.Lib\input.cpp">
      <Filter>ソース ファイル\_R.N.Lib\Basis</Filter>
    </ClCompile>
    <ClCompile Include="code\R.N.Lib\light.cpp">
      <Filter>ソース ファイル\_R.N.Lib\Basis</Filter>
    </ClCompile>
    <ClCompile Include="code\R.N.Lib\map-generator3D.cpp">
      <Filter>ソース ファイル\_R.N.Lib\Basis</Filter>
    </ClCompile>
    <ClCompile Include="code\R.N.Lib\object3D.cpp">
      <Filter>ソース ファイル\_R.N.Lib\Basis</Filter>
    </ClCompile>
    <ClCompile Include="code\R.N.Lib\physics.cpp">
      <Filter>ソース ファイル\_R.N.Lib\Basis</Filter>
    </ClCompile>
    <ClCompile Include="code\R.N.Lib\polygon3D.cpp">
      <Filter>ソース ファイル\_R.N.Lib\Basis</Filter>
    </ClCompile>
    <ClCompile Include="code\R.N.Lib\setting.cpp">
      <Filter>ソース ファイル\_R.N.Lib\Basis</Filter>
    </ClCompile>
    <ClCompile Include="code\R.N.Lib\sound.cpp">
      <Filter>ソース ファイル\_R.N.Lib\Basis</Filter>
    </ClCompile>
    <ClCompile Include="code\R.N.Lib\text.cpp">
      <Filter>ソース ファイル\_R.N.Lib\Basis</Filter>
    </ClCompile>
    <ClCompile Include="code\ModelViewer\character.cpp">
      <Filter>ソース ファイル\Character</Filter>
    </ClCompile>
    <ClCompile Include="code\ModelViewer\effect.cpp">
      <Filter>ソース ファイル\Effect</Filter>
    </ClCompile>
    <ClCompile Include="code\ModelViewer\item.cpp">
      <Filter>ソース ファイル\Item</Filter>
    </ClCompile>
    <ClCompile Include="code\ModelViewer\object.cpp">
      <Filter>ソース ファイル\Object</Filter>
    </ClCompile>
    <ClCompile Include="code\R.N.Writable\mode.cpp">
      <Filter>ソース ファイル\_R.N.Lib\Writable</Filter>
    </ClCompile>
    <ClCompile Include="code\ModelViewer\model-viewer.cpp">
      <Filter>ソース ファイル\Other</Filter>
    </ClCompile>
    <ClCompile Include="code\ModelViewer\md_main.cpp">
      <Filter>ソース ファイル\Mode</Filter>
    </ClCompile>
    <ClCompile Include="code\ModelViewer\chr_model.cpp">
      <Filter>ソース ファイル\Character</Filter>
    </ClCompile>
    <ClCompile Include="code\ModelViewer\bg_polygon-floor.cpp">
      <Filter>ソース ファイル\BackGround</Filter>
    </ClCompile>
    <ClCompile Include="code\R.N.Lib\polygon2D.cpp">
      <Filter>ソース ファイル\_R.N.Lib\Basis</Filter>
    </ClCompile>
  </ItemGroup>
  <ItemGroup>
    <ClInclude Include="code\ModelViewer\main.h">
      <Filter>ヘッダー ファイル</Filter>
    </ClInclude>
    <ClInclude Include="code\R.N.Lib\camera2D.h">
      <Filter>ヘッダー ファイル\_R.N.Lib\Basis</Filter>
    </ClInclude>
    <ClInclude Include="code\R.N.Lib\camera3D.h">
      <Filter>ヘッダー ファイル\_R.N.Lib\Basis</Filter>
    </ClInclude>
    <ClInclude Include="code\R.N.Lib\chunk.h">
      <Filter>ヘッダー ファイル\_R.N.Lib\Basis</Filter>
    </ClInclude>
    <ClInclude Include="code\R.N.Lib\color.h">
      <Filter>ヘッダー ファイル\_R.N.Lib\Basis</Filter>
    </ClInclude>
    <ClInclude Include="code\R.N.Lib\fade.h">
      <Filter>ヘッダー ファイル\_R.N.Lib\Basis</Filter>
    </ClInclude>
    <ClInclude Include="code\R.N.Lib\file.h">
      <Filter>ヘッダー ファイル\_R.N.Lib\Basis</Filter>
    </ClInclude>
    <ClInclude Include="code\R.N.Lib\input.h">
      <Filter>ヘッダー ファイル\_R.N.Lib\Basis</Filter>
    </ClInclude>
    <ClInclude Include="code\R.N.Lib\light.h">
      <Filter>ヘッダー ファイル\_R.N.Lib\Basis</Filter>
    </ClInclude>
    <ClInclude Include="code\R.N.Lib\map-generator3D.h">
      <Filter>ヘッダー ファイル\_R.N.Lib\Basis</Filter>
    </ClInclude>
    <ClInclude Include="code\R.N.Lib\object3D.h">
      <Filter>ヘッダー ファイル\_R.N.Lib\Basis</Filter>
    </ClInclude>
    <ClInclude Include="code\R.N.Lib\physics.h">
      <Filter>ヘッダー ファイル\_R.N.Lib\Basis</Filter>
    </ClInclude>
    <ClInclude Include="code\R.N.Lib\polygon3D.h">
      <Filter>ヘッダー ファイル\_R.N.Lib\Basis</Filter>
    </ClInclude>
    <ClInclude Include="code\R.N.Lib\setting.h">
      <Filter>ヘッダー ファイル\_R.N.Lib\Basis</Filter>
    </ClInclude>
    <ClInclude Include="code\R.N.Lib\sound.h">
      <Filter>ヘッダー ファイル\_R.N.Lib\Basis</Filter>
    </ClInclude>
    <ClInclude Include="code\R.N.Lib\text.h">
      <Filter>ヘッダー ファイル\_R.N.Lib\Basis</Filter>
    </ClInclude>
    <ClInclude Include="code\ModelViewer\character.h">
      <Filter>ヘッダー ファイル\Character</Filter>
    </ClInclude>
    <ClInclude Include="code\ModelViewer\effect.h">
      <Filter>ヘッダー ファイル\Effect</Filter>
    </ClInclude>
    <ClInclude Include="code\ModelViewer\item.h">
      <Filter>ヘッダー ファイル\Item</Filter>
    </ClInclude>
    <ClInclude Include="code\ModelViewer\object.h">
      <Filter>ヘッダー ファイル\Object</Filter>
    </ClInclude>
    <ClInclude Include="code\R.N.Writable\RNsetup.h">
      <Filter>ヘッダー ファイル\_R.N.Lib\Writable</Filter>
    </ClInclude>
    <ClInclude Include="code\R.N.Lib\RNmain.h">
      <Filter>ヘッダー ファイル\_R.N.Lib</Filter>
    </ClInclude>
    <ClInclude Include="code\R.N.Writable\mode.h">
      <Filter>ヘッダー ファイル\_R.N.Lib\Writable</Filter>
    </ClInclude>
    <ClInclude Include="code\ModelViewer\model-viewer.h">
      <Filter>ヘッダー ファイル\Other</Filter>
    </ClInclude>
    <ClInclude Include="code\ModelViewer\md_main.h">
      <Filter>ヘッダー ファイル\Mode</Filter>
    </ClInclude>
    <ClInclude Include="code\ModelViewer\chr_model.h">
      <Filter>ヘッダー ファイル\Character</Filter>
    </ClInclude>
    <ClInclude Include="code\ModelViewer\bg_polygon-floor.h">
      <Filter>ヘッダー ファイル\BackGround</Filter>
    </ClInclude>
    <ClInclude Include="code\R.N.Lib\polygon2D.h">
      <Filter>ヘッダー ファイル\_R.N.Lib\Basis</Filter>
    </ClInclude>
  </ItemGroup>
</Project>