<?xml version="1.0" encoding="utf-8"?>
<Project ToolsVersion="4.0" xmlns="http://schemas.microsoft.com/developer/msbuild/2003">
  <ItemGroup>
    <Filter Include="ソース ファイル">
      <UniqueIdentifier>{4FC737F1-C7A5-4376-A066-2A32D752A2FF}</UniqueIdentifier>
      <Extensions>cpp;c;cc;cxx;def;odl;idl;hpj;bat;asm;asmx</Extensions>
    </Filter>
    <Filter Include="ヘッダー ファイル">
      <UniqueIdentifier>{93995380-89BD-4b04-88EB-625FBE52EBFB}</UniqueIdentifier>
      <Extensions>h;hh;hpp;hxx;hm;inl;inc;xsd</Extensions>
    </Filter>
    <Filter Include="リソース ファイル">
      <UniqueIdentifier>{67DA6AB6-F800-4c08-8B7A-83BB121AAD01}</UniqueIdentifier>
      <Extensions>rc;ico;cur;bmp;dlg;rc2;rct;bin;rgs;gif;jpg;jpeg;jpe;resx;tiff;tif;png;wav;mfcribbon-ms</Extensions>
    </Filter>
    <Filter Include="ソース ファイル\Character">
      <UniqueIdentifier>{91b486df-e4bc-4b69-aee1-9729beba5b79}</UniqueIdentifier>
    </Filter>
    <Filter Include="ソース ファイル\Attack">
      <UniqueIdentifier>{6a29304b-08d8-4a60-9b01-f9d7e6cf5dc3}</UniqueIdentifier>
    </Filter>
    <Filter Include="ソース ファイル\BackGround">
      <UniqueIdentifier>{b79fb0cf-4506-4376-b6b0-000bdc43bc58}</UniqueIdentifier>
    </Filter>
    <Filter Include="ソース ファイル\Other">
      <UniqueIdentifier>{0073f702-8e7d-4721-b881-d8ebc4b4e0b5}</UniqueIdentifier>
    </Filter>
    <Filter Include="ソース ファイル\UserInterface">
      <UniqueIdentifier>{26e755c8-1f13-4008-87cd-9187ce87d601}</UniqueIdentifier>
    </Filter>
    <Filter Include="ソース ファイル\Effect">
      <UniqueIdentifier>{a9a7fe41-b723-4756-b508-e396ed05c311}</UniqueIdentifier>
    </Filter>
    <Filter Include="ソース ファイル\Item">
      <UniqueIdentifier>{4c066508-2713-4919-926e-d2dff05f3681}</UniqueIdentifier>
    </Filter>
    <Filter Include="ソース ファイル\Mode">
      <UniqueIdentifier>{68da18c8-ef64-4e45-a229-b6958fc05ca3}</UniqueIdentifier>
    </Filter>
    <Filter Include="ソース ファイル\Object">
      <UniqueIdentifier>{0b64c3c3-2355-47b5-94d2-d5eab18b8124}</UniqueIdentifier>
    </Filter>
    <Filter Include="ソース ファイル\System">
      <UniqueIdentifier>{77d54bea-8ba1-4e8f-9edb-d01bf434b8fd}</UniqueIdentifier>
    </Filter>
    <Filter Include="ヘッダー ファイル\Character">
      <UniqueIdentifier>{b98afe07-83df-4619-8262-219e9c258083}</UniqueIdentifier>
    </Filter>
    <Filter Include="ヘッダー ファイル\BackGround">
      <UniqueIdentifier>{b9e0d176-8151-4c75-8ddc-b5a71ca9edeb}</UniqueIdentifier>
    </Filter>
    <Filter Include="ヘッダー ファイル\Effect">
      <UniqueIdentifier>{dde2886a-30ac-483d-85f6-bbacd4803364}</UniqueIdentifier>
    </Filter>
    <Filter Include="ヘッダー ファイル\Item">
      <UniqueIdentifier>{11eab8a4-9712-40db-8e75-96aeedfeeaf6}</UniqueIdentifier>
    </Filter>
    <Filter Include="ヘッダー ファイル\Mode">
      <UniqueIdentifier>{6d09c773-fb5f-40c2-97e9-f87a31d7a1b9}</UniqueIdentifier>
    </Filter>
    <Filter Include="ヘッダー ファイル\System">
      <UniqueIdentifier>{57381ee8-d813-4726-8e00-f9cd4118c0fc}</UniqueIdentifier>
    </Filter>
    <Filter Include="ヘッダー ファイル\Object">
      <UniqueIdentifier>{6bf7f351-b510-44b9-8253-7071ac322e42}</UniqueIdentifier>
    </Filter>
    <Filter Include="ヘッダー ファイル\Other">
      <UniqueIdentifier>{be354d9c-4b1e-49e1-8bc5-244c95220180}</UniqueIdentifier>
    </Filter>
    <Filter Include="ヘッダー ファイル\UserInterface">
      <UniqueIdentifier>{92b65eee-4ed7-4d6b-88c0-7bbebf6ccfd6}</UniqueIdentifier>
    </Filter>
    <Filter Include="ヘッダー ファイル\Attack">
      <UniqueIdentifier>{d216fdc3-1998-4b76-8921-c489262d1f80}</UniqueIdentifier>
    </Filter>
  </ItemGroup>
  <ItemGroup>
    <ClCompile Include="code\main.cpp">
      <Filter>ソース ファイル</Filter>
    </ClCompile>
    <ClCompile Include="code\atk_bullet_00.cpp">
      <Filter>ソース ファイル\Attack</Filter>
    </ClCompile>
    <ClCompile Include="code\atk_impact_00.cpp">
      <Filter>ソース ファイル\Attack</Filter>
    </ClCompile>
    <ClCompile Include="code\atk_sword_00.cpp">
      <Filter>ソース ファイル\Attack</Filter>
    </ClCompile>
    <ClCompile Include="code\attack.cpp">
      <Filter>ソース ファイル\Attack</Filter>
    </ClCompile>
    <ClCompile Include="code\bg_mountain_00.cpp">
      <Filter>ソース ファイル\BackGround</Filter>
    </ClCompile>
    <ClCompile Include="code\bg_space_00.cpp">
      <Filter>ソース ファイル\BackGround</Filter>
    </ClCompile>
    <ClCompile Include="code\camera.cpp">
      <Filter>ソース ファイル\Other</Filter>
    </ClCompile>
    <ClCompile Include="code\character.cpp">
      <Filter>ソース ファイル\Character</Filter>
    </ClCompile>
    <ClCompile Include="code\chr_enemy_00.cpp">
      <Filter>ソース ファイル\Character</Filter>
    </ClCompile>
    <ClCompile Include="code\chr_player_00.cpp">
      <Filter>ソース ファイル\Character</Filter>
    </ClCompile>
    <ClCompile Include="code\chunk.cpp">
      <Filter>ソース ファイル\Other</Filter>
    </ClCompile>
    <ClCompile Include="code\color.cpp">
      <Filter>ソース ファイル\Other</Filter>
    </ClCompile>
    <ClCompile Include="code\eff_explosion_00.cpp">
      <Filter>ソース ファイル\Effect</Filter>
    </ClCompile>
    <ClCompile Include="code\eff_light_00.cpp">
      <Filter>ソース ファイル\Effect</Filter>
    </ClCompile>
    <ClCompile Include="code\eff_particle_00.cpp">
      <Filter>ソース ファイル\Effect</Filter>
    </ClCompile>
    <ClCompile Include="code\eff_screen_00.cpp">
      <Filter>ソース ファイル\Effect</Filter>
    </ClCompile>
    <ClCompile Include="code\eff_shadow_00.cpp">
      <Filter>ソース ファイル\Effect</Filter>
    </ClCompile>
    <ClCompile Include="code\eff_shock-wave_00.cpp">
      <Filter>ソース ファイル\Effect</Filter>
    </ClCompile>
    <ClCompile Include="code\effect.cpp">
      <Filter>ソース ファイル\Effect</Filter>
    </ClCompile>
    <ClCompile Include="code\fade.cpp">
      <Filter>ソース ファイル\Other</Filter>
    </ClCompile>
    <ClCompile Include="code\input.cpp">
      <Filter>ソース ファイル\Other</Filter>
    </ClCompile>
    <ClCompile Include="code\item.cpp">
      <Filter>ソース ファイル\Item</Filter>
    </ClCompile>
    <ClCompile Include="code\itm_coin_00.cpp">
      <Filter>ソース ファイル\Item</Filter>
    </ClCompile>
    <ClCompile Include="code\light.cpp">
      <Filter>ソース ファイル\Other</Filter>
    </ClCompile>
    <ClCompile Include="code\physics.cpp">
      <Filter>ソース ファイル\Other</Filter>
    </ClCompile>
    <ClCompile Include="code\polygon2D.cpp">
      <Filter>ソース ファイル\Other</Filter>
    </ClCompile>
    <ClCompile Include="code\polygon3D.cpp">
      <Filter>ソース ファイル\Other</Filter>
    </ClCompile>
    <ClCompile Include="code\setting.cpp">
      <Filter>ソース ファイル\Other</Filter>
    </ClCompile>
    <ClCompile Include="code\sound.cpp">
      <Filter>ソース ファイル\Other</Filter>
    </ClCompile>
    <ClCompile Include="code\specific.cpp">
      <Filter>ソース ファイル\Other</Filter>
    </ClCompile>
    <ClCompile Include="code\system.cpp">
      <Filter>ソース ファイル\Other</Filter>
    </ClCompile>
    <ClCompile Include="code\text.cpp">
      <Filter>ソース ファイル\Other</Filter>
    </ClCompile>
    <ClCompile Include="code\md_game_00.cpp">
      <Filter>ソース ファイル\Mode</Filter>
    </ClCompile>
    <ClCompile Include="code\md_title_00.cpp">
      <Filter>ソース ファイル\Mode</Filter>
    </ClCompile>
    <ClCompile Include="code\obj_turret_00.cpp">
      <Filter>ソース ファイル\Object</Filter>
    </ClCompile>
    <ClCompile Include="code\obj_block_00.cpp">
      <Filter>ソース ファイル\Object</Filter>
    </ClCompile>
    <ClCompile Include="code\obj_core_00.cpp">
      <Filter>ソース ファイル\Object</Filter>
    </ClCompile>
    <ClCompile Include="code\obj_discharger_00.cpp">
      <Filter>ソース ファイル\Object</Filter>
    </ClCompile>
    <ClCompile Include="code\obj_mirror_00.cpp">
      <Filter>ソース ファイル\Object</Filter>
    </ClCompile>
    <ClCompile Include="code\obj_pedestal_00.cpp">
      <Filter>ソース ファイル\Object</Filter>
    </ClCompile>
    <ClCompile Include="code\obj_stage_00.cpp">
      <Filter>ソース ファイル\Object</Filter>
    </ClCompile>
    <ClCompile Include="code\obj_switch_00.cpp">
      <Filter>ソース ファイル\Object</Filter>
    </ClCompile>
    <ClCompile Include="code\obj_target_00.cpp">
      <Filter>ソース ファイル\Object</Filter>
    </ClCompile>
    <ClCompile Include="code\ui_attention-mark_00.cpp">
      <Filter>ソース ファイル\UserInterface</Filter>
    </ClCompile>
    <ClCompile Include="code\ui_coin-frame_00.cpp">
      <Filter>ソース ファイル\UserInterface</Filter>
    </ClCompile>
    <ClCompile Include="code\ui_damage_00.cpp">
      <Filter>ソース ファイル\UserInterface</Filter>
    </ClCompile>
    <ClCompile Include="code\ui_dialog-box_00.cpp">
      <Filter>ソース ファイル\UserInterface</Filter>
    </ClCompile>
    <ClCompile Include="code\ui_hp-bar_00.cpp">
      <Filter>ソース ファイル\UserInterface</Filter>
    </ClCompile>
    <ClCompile Include="code\ui_hp-bar_01.cpp">
      <Filter>ソース ファイル\UserInterface</Filter>
    </ClCompile>
    <ClCompile Include="code\ui_input-guid_00.cpp">
      <Filter>ソース ファイル\UserInterface</Filter>
    </ClCompile>
    <ClCompile Include="code\ui_inventory_00.cpp">
      <Filter>ソース ファイル\UserInterface</Filter>
    </ClCompile>
    <ClCompile Include="code\ui_item-guid_00.cpp">
      <Filter>ソース ファイル\UserInterface</Filter>
    </ClCompile>
    <ClCompile Include="code\ui_item-icon_00.cpp">
      <Filter>ソース ファイル\UserInterface</Filter>
    </ClCompile>
    <ClCompile Include="code\ui_map_00.cpp">
      <Filter>ソース ファイル\UserInterface</Filter>
    </ClCompile>
    <ClCompile Include="code\ui_menu_00.cpp">
      <Filter>ソース ファイル\UserInterface</Filter>
    </ClCompile>
    <ClCompile Include="code\ui_parameter_00.cpp">
      <Filter>ソース ファイル\UserInterface</Filter>
    </ClCompile>
    <ClCompile Include="code\ui_ranking-frame_00.cpp">
      <Filter>ソース ファイル\UserInterface</Filter>
    </ClCompile>
    <ClCompile Include="code\ui_screen_00.cpp">
      <Filter>ソース ファイル\UserInterface</Filter>
    </ClCompile>
    <ClCompile Include="code\ui_tips_00.cpp">
      <Filter>ソース ファイル\UserInterface</Filter>
    </ClCompile>
    <ClCompile Include="code\ui_title-logo_00.cpp">
      <Filter>ソース ファイル\UserInterface</Filter>
    </ClCompile>
    <ClCompile Include="code\ui_user-guid_00.cpp">
      <Filter>ソース ファイル\UserInterface</Filter>
    </ClCompile>
    <ClCompile Include="code\ui_warning-text_00.cpp">
      <Filter>ソース ファイル\UserInterface</Filter>
    </ClCompile>
    <ClCompile Include="code\sys_ranking_00.cpp">
      <Filter>ソース ファイル\System</Filter>
    </ClCompile>
    <ClCompile Include="code\md_tutorial_00.cpp">
      <Filter>ソース ファイル\Mode</Filter>
    </ClCompile>
    <ClCompile Include="code\obj_signboard_00.cpp">
      <Filter>ソース ファイル\Object</Filter>
    </ClCompile>
    <ClCompile Include="code\object.cpp">
      <Filter>ソース ファイル\Object</Filter>
    </ClCompile>
    <ClCompile Include="code\ui_frame_00.cpp">
      <Filter>ソース ファイル\UserInterface</Filter>
    </ClCompile>
    <ClCompile Include="code\ui_menu-comment_00.cpp">
      <Filter>ソース ファイル\UserInterface</Filter>
    </ClCompile>
  </ItemGroup>
  <ItemGroup>
    <ClInclude Include="code\attack.h">
      <Filter>ヘッダー ファイル\Attack</Filter>
    </ClInclude>
    <ClInclude Include="code\atk_bullet_00.h">
      <Filter>ヘッダー ファイル\Attack</Filter>
    </ClInclude>
    <ClInclude Include="code\atk_impact_00.h">
      <Filter>ヘッダー ファイル\Attack</Filter>
    </ClInclude>
    <ClInclude Include="code\atk_sword_00.h">
      <Filter>ヘッダー ファイル\Attack</Filter>
    </ClInclude>
    <ClInclude Include="code\camera.h">
      <Filter>ヘッダー ファイル\Other</Filter>
    </ClInclude>
    <ClInclude Include="code\chunk.h">
      <Filter>ヘッダー ファイル\Other</Filter>
    </ClInclude>
    <ClInclude Include="code\color.h">
      <Filter>ヘッダー ファイル\Other</Filter>
    </ClInclude>
    <ClInclude Include="code\fade.h">
      <Filter>ヘッダー ファイル\Other</Filter>
    </ClInclude>
    <ClInclude Include="code\input.h">
      <Filter>ヘッダー ファイル\Other</Filter>
    </ClInclude>
    <ClInclude Include="code\light.h">
      <Filter>ヘッダー ファイル\Other</Filter>
    </ClInclude>
    <ClInclude Include="code\physics.h">
      <Filter>ヘッダー ファイル\Other</Filter>
    </ClInclude>
    <ClInclude Include="code\sound.h">
      <Filter>ヘッダー ファイル\Other</Filter>
    </ClInclude>
    <ClInclude Include="code\specific.h">
      <Filter>ヘッダー ファイル\Other</Filter>
    </ClInclude>
    <ClInclude Include="code\system.h">
      <Filter>ヘッダー ファイル\Other</Filter>
    </ClInclude>
    <ClInclude Include="code\text.h">
      <Filter>ヘッダー ファイル\Other</Filter>
    </ClInclude>
    <ClInclude Include="code\bg_mountain_00.h">
      <Filter>ヘッダー ファイル\BackGround</Filter>
    </ClInclude>
    <ClInclude Include="code\bg_space_00.h">
      <Filter>ヘッダー ファイル\BackGround</Filter>
    </ClInclude>
    <ClInclude Include="code\character.h">
      <Filter>ヘッダー ファイル\Character</Filter>
    </ClInclude>
    <ClInclude Include="code\chr_enemy_00.h">
      <Filter>ヘッダー ファイル\Character</Filter>
    </ClInclude>
    <ClInclude Include="code\chr_player_00.h">
      <Filter>ヘッダー ファイル\Character</Filter>
    </ClInclude>
    <ClInclude Include="code\eff_explosion_00.h">
      <Filter>ヘッダー ファイル\Effect</Filter>
    </ClInclude>
    <ClInclude Include="code\eff_light_00.h">
      <Filter>ヘッダー ファイル\Effect</Filter>
    </ClInclude>
    <ClInclude Include="code\eff_particle_00.h">
      <Filter>ヘッダー ファイル\Effect</Filter>
    </ClInclude>
    <ClInclude Include="code\eff_screen_00.h">
      <Filter>ヘッダー ファイル\Effect</Filter>
    </ClInclude>
    <ClInclude Include="code\eff_shadow_00.h">
      <Filter>ヘッダー ファイル\Effect</Filter>
    </ClInclude>
    <ClInclude Include="code\eff_shock-wave_00.h">
      <Filter>ヘッダー ファイル\Effect</Filter>
    </ClInclude>
    <ClInclude Include="code\effect.h">
      <Filter>ヘッダー ファイル\Effect</Filter>
    </ClInclude>
    <ClInclude Include="code\item.h">
      <Filter>ヘッダー ファイル\Item</Filter>
    </ClInclude>
    <ClInclude Include="code\itm_coin_00.h">
      <Filter>ヘッダー ファイル\Item</Filter>
    </ClInclude>
    <ClInclude Include="code\md_game_00.h">
      <Filter>ヘッダー ファイル\Mode</Filter>
    </ClInclude>
    <ClInclude Include="code\md_title_00.h">
      <Filter>ヘッダー ファイル\Mode</Filter>
    </ClInclude>
    <ClInclude Include="code\obj_block_00.h">
      <Filter>ヘッダー ファイル\Object</Filter>
    </ClInclude>
    <ClInclude Include="code\obj_core_00.h">
      <Filter>ヘッダー ファイル\Object</Filter>
    </ClInclude>
    <ClInclude Include="code\obj_discharger_00.h">
      <Filter>ヘッダー ファイル\Object</Filter>
    </ClInclude>
    <ClInclude Include="code\obj_mirror_00.h">
      <Filter>ヘッダー ファイル\Object</Filter>
    </ClInclude>
    <ClInclude Include="code\obj_pedestal_00.h">
      <Filter>ヘッダー ファイル\Object</Filter>
    </ClInclude>
    <ClInclude Include="code\obj_stage_00.h">
      <Filter>ヘッダー ファイル\Object</Filter>
    </ClInclude>
    <ClInclude Include="code\obj_switch_00.h">
      <Filter>ヘッダー ファイル\Object</Filter>
    </ClInclude>
    <ClInclude Include="code\obj_target_00.h">
      <Filter>ヘッダー ファイル\Object</Filter>
    </ClInclude>
    <ClInclude Include="code\obj_turret_00.h">
      <Filter>ヘッダー ファイル\Object</Filter>
    </ClInclude>
    <ClInclude Include="code\object.h">
      <Filter>ヘッダー ファイル\Object</Filter>
    </ClInclude>
    <ClInclude Include="code\polygon2D.h">
      <Filter>ヘッダー ファイル\Other</Filter>
    </ClInclude>
    <ClInclude Include="code\polygon3D.h">
      <Filter>ヘッダー ファイル\Other</Filter>
    </ClInclude>
    <ClInclude Include="code\setting.h">
      <Filter>ヘッダー ファイル\Other</Filter>
    </ClInclude>
    <ClInclude Include="code\sys_ranking_00.h">
      <Filter>ヘッダー ファイル\System</Filter>
    </ClInclude>
    <ClInclude Include="code\ui_attention-mark_00.h">
      <Filter>ヘッダー ファイル\UserInterface</Filter>
    </ClInclude>
    <ClInclude Include="code\ui_coin-frame_00.h">
      <Filter>ヘッダー ファイル\UserInterface</Filter>
    </ClInclude>
    <ClInclude Include="code\ui_damage_00.h">
      <Filter>ヘッダー ファイル\UserInterface</Filter>
    </ClInclude>
    <ClInclude Include="code\ui_dialog-box_00.h">
      <Filter>ヘッダー ファイル\UserInterface</Filter>
    </ClInclude>
    <ClInclude Include="code\ui_hp-bar_00.h">
      <Filter>ヘッダー ファイル\UserInterface</Filter>
    </ClInclude>
    <ClInclude Include="code\ui_hp-bar_01.h">
      <Filter>ヘッダー ファイル\UserInterface</Filter>
    </ClInclude>
    <ClInclude Include="code\ui_input-guid_00.h">
      <Filter>ヘッダー ファイル\UserInterface</Filter>
    </ClInclude>
    <ClInclude Include="code\ui_inventory_00.h">
      <Filter>ヘッダー ファイル\UserInterface</Filter>
    </ClInclude>
    <ClInclude Include="code\ui_item-guid_00.h">
      <Filter>ヘッダー ファイル\UserInterface</Filter>
    </ClInclude>
    <ClInclude Include="code\ui_item-icon_00.h">
      <Filter>ヘッダー ファイル\UserInterface</Filter>
    </ClInclude>
    <ClInclude Include="code\ui_map_00.h">
      <Filter>ヘッダー ファイル\UserInterface</Filter>
    </ClInclude>
    <ClInclude Include="code\ui_menu_00.h">
      <Filter>ヘッダー ファイル\UserInterface</Filter>
    </ClInclude>
    <ClInclude Include="code\ui_parameter_00.h">
      <Filter>ヘッダー ファイル\UserInterface</Filter>
    </ClInclude>
    <ClInclude Include="code\ui_ranking-frame_00.h">
      <Filter>ヘッダー ファイル\UserInterface</Filter>
    </ClInclude>
    <ClInclude Include="code\ui_screen_00.h">
      <Filter>ヘッダー ファイル\UserInterface</Filter>
    </ClInclude>
    <ClInclude Include="code\ui_tips_00.h">
      <Filter>ヘッダー ファイル\UserInterface</Filter>
    </ClInclude>
    <ClInclude Include="code\ui_title-logo_00.h">
      <Filter>ヘッダー ファイル\UserInterface</Filter>
    </ClInclude>
    <ClInclude Include="code\ui_user-guid_00.h">
      <Filter>ヘッダー ファイル\UserInterface</Filter>
    </ClInclude>
    <ClInclude Include="code\ui_warning-text_00.h">
      <Filter>ヘッダー ファイル\UserInterface</Filter>
    </ClInclude>
    <ClInclude Include="code\main.h">
      <Filter>ヘッダー ファイル</Filter>
    </ClInclude>
    <ClInclude Include="code\resource.h">
      <Filter>ヘッダー ファイル</Filter>
    </ClInclude>
    <ClInclude Include="code\md_tutorial_00.h">
      <Filter>ヘッダー ファイル\Mode</Filter>
    </ClInclude>
    <ClInclude Include="code\obj_signboard_00.h">
      <Filter>ヘッダー ファイル\Object</Filter>
    </ClInclude>
    <ClInclude Include="code\ui_frame_00.h">
      <Filter>ヘッダー ファイル\UserInterface</Filter>
    </ClInclude>
    <ClInclude Include="code\ui_menu-comment_00.h">
      <Filter>ヘッダー ファイル\UserInterface</Filter>
    </ClInclude>
  </ItemGroup>
  <ItemGroup>
    <ResourceCompile Include="Mow!Mow!Guarder.rc">
      <Filter>リソース ファイル</Filter>
    </ResourceCompile>
  </ItemGroup>
  <ItemGroup>
    <Image Include="data\ICON\icon_000.ico">
      <Filter>リソース ファイル</Filter>
    </Image>
  </ItemGroup>
</Project>