<?xml version="1.0" encoding="utf-8"?>
<Project ToolsVersion="4.0" xmlns="http://schemas.microsoft.com/developer/msbuild/2003">
  <ItemGroup>
    <Filter Include="ソース ファイル">
      <UniqueIdentifier>{4FC737F1-C7A5-4376-A066-2A32D752A2FF}</UniqueIdentifier>
      <Extensions>cpp;c;cc;cxx;def;odl;idl;hpj;bat;asm;asmx</Extensions>
    </Filter>
    <Filter Include="ヘッダー ファイル">
      <UniqueIdentifier>{93995380-89BD-4b04-88EB-625FBE52EBFB}</UniqueIdentifier>
      <Extensions>h;hh;hpp;hxx;hm;inl;inc;xsd</Extensions>
    </Filter>
    <Filter Include="リソース ファイル">
      <UniqueIdentifier>{67DA6AB6-F800-4c08-8B7A-83BB121AAD01}</UniqueIdentifier>
      <Extensions>rc;ico;cur;bmp;dlg;rc2;rct;bin;rgs;gif;jpg;jpeg;jpe;resx;tiff;tif;png;wav;mfcribbon-ms</Extensions>
    </Filter>
    <Filter Include="ソース ファイル\Attack">
      <UniqueIdentifier>{1636369f-1086-4605-9882-32e3b49834f4}</UniqueIdentifier>
    </Filter>
    <Filter Include="ソース ファイル\BackGround">
      <UniqueIdentifier>{04baccb2-7b1f-4712-85e6-846135e84a22}</UniqueIdentifier>
    </Filter>
    <Filter Include="ソース ファイル\Other">
      <UniqueIdentifier>{6634f92a-50e2-437d-b940-9a333dd2c3b4}</UniqueIdentifier>
    </Filter>
    <Filter Include="ソース ファイル\Character">
      <UniqueIdentifier>{ddc007b1-e8d2-450b-b307-891a0fb910ce}</UniqueIdentifier>
    </Filter>
    <Filter Include="ソース ファイル\Effect">
      <UniqueIdentifier>{dea54128-be21-4d39-b9e3-5b462dea6afa}</UniqueIdentifier>
    </Filter>
    <Filter Include="ソース ファイル\Image">
      <UniqueIdentifier>{a2485108-d717-413a-abf9-e4f8dba1ee71}</UniqueIdentifier>
    </Filter>
    <Filter Include="ソース ファイル\Item">
      <UniqueIdentifier>{293407d0-6585-47c5-802f-153a3a5e7f2e}</UniqueIdentifier>
    </Filter>
    <Filter Include="ソース ファイル\Mode">
      <UniqueIdentifier>{18d561d1-0d4d-4c44-80d8-9701be231019}</UniqueIdentifier>
    </Filter>
    <Filter Include="ソース ファイル\Object">
      <UniqueIdentifier>{7e742a0e-213d-49a5-bb06-7f4f8c8c39b4}</UniqueIdentifier>
    </Filter>
    <Filter Include="ソース ファイル\System">
      <UniqueIdentifier>{ed369100-2359-48f3-a904-a499065b102f}</UniqueIdentifier>
    </Filter>
    <Filter Include="ソース ファイル\UserInterface">
      <UniqueIdentifier>{207b9225-0152-431f-8cd5-ccd6710d27c4}</UniqueIdentifier>
    </Filter>
    <Filter Include="ヘッダー ファイル\Attack">
      <UniqueIdentifier>{6352a3f5-da60-4ee1-b084-263686ade326}</UniqueIdentifier>
    </Filter>
    <Filter Include="ヘッダー ファイル\BackGround">
      <UniqueIdentifier>{f131a09a-db0b-40b7-8c7f-76b178392bad}</UniqueIdentifier>
    </Filter>
    <Filter Include="ヘッダー ファイル\Other">
      <UniqueIdentifier>{be43a792-e0b4-4d04-80ad-61d64253545d}</UniqueIdentifier>
    </Filter>
    <Filter Include="ヘッダー ファイル\Character">
      <UniqueIdentifier>{f4a0e161-2ca1-4302-bde1-04e34ad5c79c}</UniqueIdentifier>
    </Filter>
    <Filter Include="ヘッダー ファイル\Effect">
      <UniqueIdentifier>{a9f2a156-1d2e-4dd9-a0aa-9c1a2f06d15e}</UniqueIdentifier>
    </Filter>
    <Filter Include="ヘッダー ファイル\Image">
      <UniqueIdentifier>{6b000c6d-0e23-44b5-834b-0c218f8d8da0}</UniqueIdentifier>
    </Filter>
    <Filter Include="ヘッダー ファイル\Item">
      <UniqueIdentifier>{f4a9fe95-235e-4614-90ce-f8676e1f8aeb}</UniqueIdentifier>
    </Filter>
    <Filter Include="ヘッダー ファイル\Mode">
      <UniqueIdentifier>{09294be0-579d-466e-b5df-42b01992b012}</UniqueIdentifier>
    </Filter>
    <Filter Include="ヘッダー ファイル\Object">
      <UniqueIdentifier>{7791babd-d9d1-4ebe-a807-0ce82eaf3617}</UniqueIdentifier>
    </Filter>
    <Filter Include="ヘッダー ファイル\System">
      <UniqueIdentifier>{e4d3d60b-849d-4deb-be1b-9db4d6c56981}</UniqueIdentifier>
    </Filter>
    <Filter Include="ヘッダー ファイル\UserInterface">
      <UniqueIdentifier>{aad03798-f03f-4f07-bcab-9c81975c898d}</UniqueIdentifier>
    </Filter>
  </ItemGroup>
  <ItemGroup>
    <ClCompile Include="code\main.cpp">
      <Filter>ソース ファイル</Filter>
    </ClCompile>
    <ClCompile Include="code\atk_bullet_00.cpp">
      <Filter>ソース ファイル\Attack</Filter>
    </ClCompile>
    <ClCompile Include="code\atk_explosion_00.cpp">
      <Filter>ソース ファイル\Attack</Filter>
    </ClCompile>
    <ClCompile Include="code\atk_explosion_01.cpp">
      <Filter>ソース ファイル\Attack</Filter>
    </ClCompile>
    <ClCompile Include="code\bg_space_01.cpp">
      <Filter>ソース ファイル\BackGround</Filter>
    </ClCompile>
    <ClCompile Include="code\bg_space_00.cpp">
      <Filter>ソース ファイル\BackGround</Filter>
    </ClCompile>
    <ClCompile Include="code\bg_color.cpp">
      <Filter>ソース ファイル\BackGround</Filter>
    </ClCompile>
    <ClCompile Include="code\camera.cpp">
      <Filter>ソース ファイル\Other</Filter>
    </ClCompile>
    <ClCompile Include="code\chunk.cpp">
      <Filter>ソース ファイル\Other</Filter>
    </ClCompile>
    <ClCompile Include="code\directInput.cpp">
      <Filter>ソース ファイル\Other</Filter>
    </ClCompile>
    <ClCompile Include="code\fade.cpp">
      <Filter>ソース ファイル\Other</Filter>
    </ClCompile>
    <ClCompile Include="code\input.cpp">
      <Filter>ソース ファイル\Other</Filter>
    </ClCompile>
    <ClCompile Include="code\physics.cpp">
      <Filter>ソース ファイル\Other</Filter>
    </ClCompile>
    <ClCompile Include="code\polygon.cpp">
      <Filter>ソース ファイル\Other</Filter>
    </ClCompile>
    <ClCompile Include="code\setting.cpp">
      <Filter>ソース ファイル\Other</Filter>
    </ClCompile>
    <ClCompile Include="code\sound.cpp">
      <Filter>ソース ファイル\Other</Filter>
    </ClCompile>
    <ClCompile Include="code\text.cpp">
      <Filter>ソース ファイル\Other</Filter>
    </ClCompile>
    <ClCompile Include="code\chr_enemy_00.cpp">
      <Filter>ソース ファイル\Character</Filter>
    </ClCompile>
    <ClCompile Include="code\chr_fighter_00.cpp">
      <Filter>ソース ファイル\Character</Filter>
    </ClCompile>
    <ClCompile Include="code\eff_general_00.cpp">
      <Filter>ソース ファイル\Effect</Filter>
    </ClCompile>
    <ClCompile Include="code\eff_laser_pointer_00.cpp">
      <Filter>ソース ファイル\Effect</Filter>
    </ClCompile>
    <ClCompile Include="code\eff_light_00.cpp">
      <Filter>ソース ファイル\Effect</Filter>
    </ClCompile>
    <ClCompile Include="code\eff_particle_00.cpp">
      <Filter>ソース ファイル\Effect</Filter>
    </ClCompile>
    <ClCompile Include="code\eff_screen_00.cpp">
      <Filter>ソース ファイル\Effect</Filter>
    </ClCompile>
    <ClCompile Include="code\img_fighter_00.cpp">
      <Filter>ソース ファイル\Image</Filter>
    </ClCompile>
    <ClCompile Include="code\item_bomb_00.cpp">
      <Filter>ソース ファイル\Item</Filter>
    </ClCompile>
    <ClCompile Include="code\item_medal_00.cpp">
      <Filter>ソース ファイル\Item</Filter>
    </ClCompile>
    <ClCompile Include="code\md_game_00.cpp">
      <Filter>ソース ファイル\Mode</Filter>
    </ClCompile>
    <ClCompile Include="code\md_title_00.cpp">
      <Filter>ソース ファイル\Mode</Filter>
    </ClCompile>
    <ClCompile Include="code\obj_plasma_wall_00.cpp">
      <Filter>ソース ファイル\Object</Filter>
    </ClCompile>
    <ClCompile Include="code\obj_plasma_block_00.cpp">
      <Filter>ソース ファイル\Object</Filter>
    </ClCompile>
    <ClCompile Include="code\sys_ranking_00.cpp">
      <Filter>ソース ファイル\System</Filter>
    </ClCompile>
    <ClCompile Include="code\sys_stage_00.cpp">
      <Filter>ソース ファイル\System</Filter>
    </ClCompile>
    <ClCompile Include="code\ui_area_gage_00.cpp">
      <Filter>ソース ファイル\UserInterface</Filter>
    </ClCompile>
    <ClCompile Include="code\ui_arrow_00.cpp">
      <Filter>ソース ファイル\UserInterface</Filter>
    </ClCompile>
    <ClCompile Include="code\ui_bomb_00.cpp">
      <Filter>ソース ファイル\UserInterface</Filter>
    </ClCompile>
    <ClCompile Include="code\ui_bomb_get_00.cpp">
      <Filter>ソース ファイル\UserInterface</Filter>
    </ClCompile>
    <ClCompile Include="code\ui_cursor_00.cpp">
      <Filter>ソース ファイル\UserInterface</Filter>
    </ClCompile>
    <ClCompile Include="code\ui_frame_00.cpp">
      <Filter>ソース ファイル\UserInterface</Filter>
    </ClCompile>
    <ClCompile Include="code\ui_frame_01.cpp">
      <Filter>ソース ファイル\UserInterface</Filter>
    </ClCompile>
    <ClCompile Include="code\ui_frame_02.cpp">
      <Filter>ソース ファイル\UserInterface</Filter>
    </ClCompile>
    <ClCompile Include="code\ui_life_00.cpp">
      <Filter>ソース ファイル\UserInterface</Filter>
    </ClCompile>
    <ClCompile Include="code\ui_life_bonus_00.cpp">
      <Filter>ソース ファイル\UserInterface</Filter>
    </ClCompile>
    <ClCompile Include="code\ui_menu_00.cpp">
      <Filter>ソース ファイル\UserInterface</Filter>
    </ClCompile>
    <ClCompile Include="code\ui_operation_00.cpp">
      <Filter>ソース ファイル\UserInterface</Filter>
    </ClCompile>
    <ClCompile Include="code\ui_score_00.cpp">
      <Filter>ソース ファイル\UserInterface</Filter>
    </ClCompile>
    <ClCompile Include="code\ui_team_logo_00.cpp">
      <Filter>ソース ファイル\UserInterface</Filter>
    </ClCompile>
    <ClCompile Include="code\ui_title_logo_00.cpp">
      <Filter>ソース ファイル\UserInterface</Filter>
    </ClCompile>
    <ClCompile Include="code\ui_warning_00.cpp">
      <Filter>ソース ファイル\UserInterface</Filter>
    </ClCompile>
  </ItemGroup>
  <ItemGroup>
    <ClInclude Include="code\main.h">
      <Filter>ヘッダー ファイル</Filter>
    </ClInclude>
    <ClInclude Include="code\attack.h">
      <Filter>ヘッダー ファイル\Attack</Filter>
    </ClInclude>
    <ClInclude Include="code\atk_bullet_00.h">
      <Filter>ヘッダー ファイル\Attack</Filter>
    </ClInclude>
    <ClInclude Include="code\atk_explosion_00.h">
      <Filter>ヘッダー ファイル\Attack</Filter>
    </ClInclude>
    <ClInclude Include="code\atk_explosion_01.h">
      <Filter>ヘッダー ファイル\Attack</Filter>
    </ClInclude>
    <ClInclude Include="code\bg_space_01.h">
      <Filter>ヘッダー ファイル\BackGround</Filter>
    </ClInclude>
    <ClInclude Include="code\bg_color.h">
      <Filter>ヘッダー ファイル\BackGround</Filter>
    </ClInclude>
    <ClInclude Include="code\bg_space_00.h">
      <Filter>ヘッダー ファイル\BackGround</Filter>
    </ClInclude>
    <ClInclude Include="code\camera.h">
      <Filter>ヘッダー ファイル\Other</Filter>
    </ClInclude>
    <ClInclude Include="code\chunk.h">
      <Filter>ヘッダー ファイル\Other</Filter>
    </ClInclude>
    <ClInclude Include="code\directInput.h">
      <Filter>ヘッダー ファイル\Other</Filter>
    </ClInclude>
    <ClInclude Include="code\fade.h">
      <Filter>ヘッダー ファイル\Other</Filter>
    </ClInclude>
    <ClInclude Include="code\input.h">
      <Filter>ヘッダー ファイル\Other</Filter>
    </ClInclude>
    <ClInclude Include="code\physics.h">
      <Filter>ヘッダー ファイル\Other</Filter>
    </ClInclude>
    <ClInclude Include="code\polygon.h">
      <Filter>ヘッダー ファイル\Other</Filter>
    </ClInclude>
    <ClInclude Include="code\setting.h">
      <Filter>ヘッダー ファイル\Other</Filter>
    </ClInclude>
    <ClInclude Include="code\sound.h">
      <Filter>ヘッダー ファイル\Other</Filter>
    </ClInclude>
    <ClInclude Include="code\text.h">
      <Filter>ヘッダー ファイル\Other</Filter>
    </ClInclude>
    <ClInclude Include="code\chr_enemy_00.h">
      <Filter>ヘッダー ファイル\Character</Filter>
    </ClInclude>
    <ClInclude Include="code\chr_fighter_00.h">
      <Filter>ヘッダー ファイル\Character</Filter>
    </ClInclude>
    <ClInclude Include="code\eff_general_00.h">
      <Filter>ヘッダー ファイル\Effect</Filter>
    </ClInclude>
    <ClInclude Include="code\eff_laser_pointer_00.h">
      <Filter>ヘッダー ファイル\Effect</Filter>
    </ClInclude>
    <ClInclude Include="code\eff_light_00.h">
      <Filter>ヘッダー ファイル\Effect</Filter>
    </ClInclude>
    <ClInclude Include="code\eff_particle_00.h">
      <Filter>ヘッダー ファイル\Effect</Filter>
    </ClInclude>
    <ClInclude Include="code\eff_screen_00.h">
      <Filter>ヘッダー ファイル\Effect</Filter>
    </ClInclude>
    <ClInclude Include="code\img_fighter_00.h">
      <Filter>ヘッダー ファイル\Image</Filter>
    </ClInclude>
    <ClInclude Include="code\item_bomb_00.h">
      <Filter>ヘッダー ファイル\Item</Filter>
    </ClInclude>
    <ClInclude Include="code\item_medal_00.h">
      <Filter>ヘッダー ファイル\Item</Filter>
    </ClInclude>
    <ClInclude Include="code\md_game_00.h">
      <Filter>ヘッダー ファイル\Mode</Filter>
    </ClInclude>
    <ClInclude Include="code\md_title_00.h">
      <Filter>ヘッダー ファイル\Mode</Filter>
    </ClInclude>
    <ClInclude Include="code\obj_plasma_block_00.h">
      <Filter>ヘッダー ファイル\Object</Filter>
    </ClInclude>
    <ClInclude Include="code\obj_plasma_wall_00.h">
      <Filter>ヘッダー ファイル\Object</Filter>
    </ClInclude>
    <ClInclude Include="code\sys_ranking_00.h">
      <Filter>ヘッダー ファイル\System</Filter>
    </ClInclude>
    <ClInclude Include="code\sys_stage_00.h">
      <Filter>ヘッダー ファイル\System</Filter>
    </ClInclude>
    <ClInclude Include="code\ui_area_gage_00.h">
      <Filter>ヘッダー ファイル\UserInterface</Filter>
    </ClInclude>
    <ClInclude Include="code\ui_arrow_00.h">
      <Filter>ヘッダー ファイル\UserInterface</Filter>
    </ClInclude>
    <ClInclude Include="code\ui_bomb_00.h">
      <Filter>ヘッダー ファイル\UserInterface</Filter>
    </ClInclude>
    <ClInclude Include="code\ui_bomb_get_00.h">
      <Filter>ヘッダー ファイル\UserInterface</Filter>
    </ClInclude>
    <ClInclude Include="code\ui_cursor_00.h">
      <Filter>ヘッダー ファイル\UserInterface</Filter>
    </ClInclude>
    <ClInclude Include="code\ui_frame_00.h">
      <Filter>ヘッダー ファイル\UserInterface</Filter>
    </ClInclude>
    <ClInclude Include="code\ui_frame_01.h">
      <Filter>ヘッダー ファイル\UserInterface</Filter>
    </ClInclude>
    <ClInclude Include="code\ui_frame_02.h">
      <Filter>ヘッダー ファイル\UserInterface</Filter>
    </ClInclude>
    <ClInclude Include="code\ui_life_00.h">
      <Filter>ヘッダー ファイル\UserInterface</Filter>
    </ClInclude>
    <ClInclude Include="code\ui_life_bonus_00.h">
      <Filter>ヘッダー ファイル\UserInterface</Filter>
    </ClInclude>
    <ClInclude Include="code\ui_menu_00.h">
      <Filter>ヘッダー ファイル\UserInterface</Filter>
    </ClInclude>
    <ClInclude Include="code\ui_operation_00.h">
      <Filter>ヘッダー ファイル\UserInterface</Filter>
    </ClInclude>
    <ClInclude Include="code\ui_score_00.h">
      <Filter>ヘッダー ファイル\UserInterface</Filter>
    </ClInclude>
    <ClInclude Include="code\ui_team_logo_00.h">
      <Filter>ヘッダー ファイル\UserInterface</Filter>
    </ClInclude>
    <ClInclude Include="code\ui_title_logo_00.h">
      <Filter>ヘッダー ファイル\UserInterface</Filter>
    </ClInclude>
    <ClInclude Include="code\ui_warning_00.h">
      <Filter>ヘッダー ファイル\UserInterface</Filter>
    </ClInclude>
    <ClInclude Include="code\resource.h">
      <Filter>ヘッダー ファイル</Filter>
    </ClInclude>
  </ItemGroup>
  <ItemGroup>
    <ResourceCompile Include="AreaWars.rc">
      <Filter>リソース ファイル</Filter>
    </ResourceCompile>
  </ItemGroup>
  <ItemGroup>
    <Image Include="data\ICON\icon_000.ico">
      <Filter>リソース ファイル</Filter>
    </Image>
  </ItemGroup>
</Project>